
Microsoft Visual Studio Solution File, Format Version 12.00
# Visual Studio Version 17
VisualStudioVersion = 17.12.35521.163 d17.12
MinimumVisualStudioVersion = 10.0.40219.1
Project("{2150E333-8FDC-42A3-9474-1A3956D46DE8}") = "Task0", "Task0", "{196D907A-23B9-4C1C-AC40-945426EFD6DF}"
EndProject
Project("{FAE04EC0-301F-11D3-BF4B-00C04F79EFBC}") = "Tyuiu.GairabekovMR.Sprint5.Task0.V29", "Tyuiu.GairabekovMR.Sprint5.Task0.V29\Tyuiu.GairabekovMR.Sprint5.Task0.V29.csproj", "{24070E6F-C96B-4B2D-8666-60E14912669D}"
EndProject
Project("{FAE04EC0-301F-11D3-BF4B-00C04F79EFBC}") = "Tyuiu.GairabekovMR.Sprint5.Task0.V29.Lib", "Tyuiu.GairabekovMR.Sprint5.Task0.V29.Lib\Tyuiu.GairabekovMR.Sprint5.Task0.V29.Lib.csproj", "{A600170C-E82B-4E4D-A13B-9B1070B8E498}"
EndProject
Project("{FAE04EC0-301F-11D3-BF4B-00C04F79EFBC}") = "Tyuiu.GairabekovMR.Sprint5.Task0.V29.Test", "Tyuiu.GairabekovMR.Sprint5.Task0.V29.Test\Tyuiu.GairabekovMR.Sprint5.Task0.V29.Test.csproj", "{6534CD68-BC81-42C8-8A39-43E02D9CA336}"
EndProject
Project("{2150E333-8FDC-42A3-9474-1A3956D46DE8}") = "Task1", "Task1", "{3A9D5D9D-C9C1-4628-9D4C-09087ACF498E}"
EndProject
Project("{FAE04EC0-301F-11D3-BF4B-00C04F79EFBC}") = "Tyuiu.GairabekovMR.Sprint5.Task1.V16", "Tyuiu.GairabekovMR.Sprint5.Task1.V16\Tyuiu.GairabekovMR.Sprint5.Task1.V16.csproj", "{15D6DBA5-B6AC-40ED-9B8B-6BBD30475627}"
EndProject
Project("{FAE04EC0-301F-11D3-BF4B-00C04F79EFBC}") = "Tyuiu.GairabekovMR.Sprint5.Task1.V16.Lib", "Tyuiu.GairabekovMR.Sprint5.Task1.V16.Lib\Tyuiu.GairabekovMR.Sprint5.Task1.V16.Lib.csproj", "{74CB1A5A-F708-45C5-AAD1-88E699972735}"
EndProject
Project("{FAE04EC0-301F-11D3-BF4B-00C04F79EFBC}") = "Tyuiu.GairabekovMR.Sprint5.Task1.V16.Test", "Tyuiu.GairabekovMR.Sprint5.Task1.V16.Test\Tyuiu.GairabekovMR.Sprint5.Task1.V16.Test.csproj", "{61754DF5-59E8-4867-A4CD-A41A488ED5B9}"
EndProject
Global
	GlobalSection(SolutionConfigurationPlatforms) = preSolution
		Debug|Any CPU = Debug|Any CPU
		Release|Any CPU = Release|Any CPU
	EndGlobalSection
	GlobalSection(ProjectConfigurationPlatforms) = postSolution
		{24070E6F-C96B-4B2D-8666-60E14912669D}.Debug|Any CPU.ActiveCfg = Debug|Any CPU
		{24070E6F-C96B-4B2D-8666-60E14912669D}.Debug|Any CPU.Build.0 = Debug|Any CPU
		{24070E6F-C96B-4B2D-8666-60E14912669D}.Release|Any CPU.ActiveCfg = Release|Any CPU
		{24070E6F-C96B-4B2D-8666-60E14912669D}.Release|Any CPU.Build.0 = Release|Any CPU
		{A600170C-E82B-4E4D-A13B-9B1070B8E498}.Debug|Any CPU.ActiveCfg = Debug|Any CPU
		{A600170C-E82B-4E4D-A13B-9B1070B8E498}.Debug|Any CPU.Build.0 = Debug|Any CPU
		{A600170C-E82B-4E4D-A13B-9B1070B8E498}.Release|Any CPU.ActiveCfg = Release|Any CPU
		{A600170C-E82B-4E4D-A13B-9B1070B8E498}.Release|Any CPU.Build.0 = Release|Any CPU
		{6534CD68-BC81-42C8-8A39-43E02D9CA336}.Debug|Any CPU.ActiveCfg = Debug|Any CPU
		{6534CD68-BC81-42C8-8A39-43E02D9CA336}.Debug|Any CPU.Build.0 = Debug|Any CPU
		{6534CD68-BC81-42C8-8A39-43E02D9CA336}.Release|Any CPU.ActiveCfg = Release|Any CPU
		{6534CD68-BC81-42C8-8A39-43E02D9CA336}.Release|Any CPU.Build.0 = Release|Any CPU
		{15D6DBA5-B6AC-40ED-9B8B-6BBD30475627}.Debug|Any CPU.ActiveCfg = Debug|Any CPU
		{15D6DBA5-B6AC-40ED-9B8B-6BBD30475627}.Debug|Any CPU.Build.0 = Debug|Any CPU
		{15D6DBA5-B6AC-40ED-9B8B-6BBD30475627}.Release|Any CPU.ActiveCfg = Release|Any CPU
		{15D6DBA5-B6AC-40ED-9B8B-6BBD30475627}.Release|Any CPU.Build.0 = Release|Any CPU
		{74CB1A5A-F708-45C5-AAD1-88E699972735}.Debug|Any CPU.ActiveCfg = Debug|Any CPU
		{74CB1A5A-F708-45C5-AAD1-88E699972735}.Debug|Any CPU.Build.0 = Debug|Any CPU
		{74CB1A5A-F708-45C5-AAD1-88E699972735}.Release|Any CPU.ActiveCfg = Release|Any CPU
		{74CB1A5A-F708-45C5-AAD1-88E699972735}.Release|Any CPU.Build.0 = Release|Any CPU
		{61754DF5-59E8-4867-A4CD-A41A488ED5B9}.Debug|Any CPU.ActiveCfg = Debug|Any CPU
		{61754DF5-59E8-4867-A4CD-A41A488ED5B9}.Debug|Any CPU.Build.0 = Debug|Any CPU
		{61754DF5-59E8-4867-A4CD-A41A488ED5B9}.Release|Any CPU.ActiveCfg = Release|Any CPU
		{61754DF5-59E8-4867-A4CD-A41A488ED5B9}.Release|Any CPU.Build.0 = Release|Any CPU
	EndGlobalSection
	GlobalSection(SolutionProperties) = preSolution
		HideSolutionNode = FALSE
	EndGlobalSection
	GlobalSection(NestedProjects) = preSolution
		{24070E6F-C96B-4B2D-8666-60E14912669D} = {196D907A-23B9-4C1C-AC40-945426EFD6DF}
		{A600170C-E82B-4E4D-A13B-9B1070B8E498} = {196D907A-23B9-4C1C-AC40-945426EFD6DF}
		{6534CD68-BC81-42C8-8A39-43E02D9CA336} = {196D907A-23B9-4C1C-AC40-945426EFD6DF}
		{15D6DBA5-B6AC-40ED-9B8B-6BBD30475627} = {3A9D5D9D-C9C1-4628-9D4C-09087ACF498E}
		{74CB1A5A-F708-45C5-AAD1-88E699972735} = {3A9D5D9D-C9C1-4628-9D4C-09087ACF498E}
		{61754DF5-59E8-4867-A4CD-A41A488ED5B9} = {3A9D5D9D-C9C1-4628-9D4C-09087ACF498E}
	EndGlobalSection
EndGlobal
